
Microsoft Visual Studio Solution File, Format Version 12.00
# Visual Studio 2012
Project("{2150E333-8FDC-42A3-9474-1A3956D46DE8}") = "Scalers", "Scalers", "{A498BC18-E4B5-4164-A40E-5E94618B2718}"
EndProject
Project("{FAE04EC0-301F-11D3-BF4B-00C04F79EFBC}") = "Scale_TweakableEverything", "Source\Scale_TweakableEverything\Scale_TweakableEverything.csproj", "{1E379ED8-DB42-4FC1-B7F5-BF9A9A4F3B2E}"
EndProject
Project("{FAE04EC0-301F-11D3-BF4B-00C04F79EFBC}") = "Scale_Sanitizer", "Source\Scale_Sanitizer\Scale_Sanitizer.csproj", "{4CEE4DED-7E41-4E59-BA16-67E655E46FEE}"
EndProject
Project("{FAE04EC0-301F-11D3-BF4B-00C04F79EFBC}") = "Scale_Redist", "Source\Scale_Redist\Scale_Redist.csproj", "{2BE63D8B-350E-4EDD-959C-4B7397984364}"
EndProject
Project("{FAE04EC0-301F-11D3-BF4B-00C04F79EFBC}") = "Scale", "Source\Scale\Scale.csproj", "{70D38878-43DB-4F6E-8002-45ADA5391AF7}"
EndProject
Project("{FAE04EC0-301F-11D3-BF4B-00C04F79EFBC}") = "Scale.PartDB.18x", "Source\PartDB18x\Scale.PartDB.18x.csproj", "{4A529FE9-0CA6-4EB6-8D93-9B71539012AB}"
EndProject
Project("{FAE04EC0-301F-11D3-BF4B-00C04F79EFBC}") = "Scale.PartDB.15x", "Source\PartDB15x\Scale.PartDB.15x.csproj", "{CC9CA66D-87A9-4ECD-A48A-91723A07E3D1}"
EndProject
Project("{FAE04EC0-301F-11D3-BF4B-00C04F79EFBC}") = "Scale.PartDB.14x", "Source\PartDB14x\Scale.PartDB.14x.csproj", "{274C1C45-FA97-4F53-946F-CB354F04355C}"
EndProject
Project("{FAE04EC0-301F-11D3-BF4B-00C04F79EFBC}") = "Scale.PartDB.13x", "Source\PartDB13x\Scale.PartDB.13x.csproj", "{6B48EB58-62EF-4763-822A-1C38CF5B72EC}"
EndProject
Project("{FAE04EC0-301F-11D3-BF4B-00C04F79EFBC}") = "Tests", "Source\Tests\Tests.csproj", "{2C63C91A-4715-4FAD-8515-0B81D420E308}"
EndProject
Project("{FAE04EC0-301F-11D3-BF4B-00C04F79EFBC}") = "TweakScale.WatchDog", "Source\WatchDog\TweakScale.WatchDog.csproj", "{68C29DD6-947F-4F89-8E02-0C32CC67D002}"
EndProject
Global
	GlobalSection(SolutionConfigurationPlatforms) = preSolution
		Debug|Any CPU = Debug|Any CPU
		Release|Any CPU = Release|Any CPU
	EndGlobalSection
	GlobalSection(ProjectConfigurationPlatforms) = postSolution
		{1E379ED8-DB42-4FC1-B7F5-BF9A9A4F3B2E}.Debug|Any CPU.ActiveCfg = Debug|Any CPU
		{1E379ED8-DB42-4FC1-B7F5-BF9A9A4F3B2E}.Debug|Any CPU.Build.0 = Debug|Any CPU
		{1E379ED8-DB42-4FC1-B7F5-BF9A9A4F3B2E}.Release|Any CPU.ActiveCfg = Release|Any CPU
		{1E379ED8-DB42-4FC1-B7F5-BF9A9A4F3B2E}.Release|Any CPU.Build.0 = Release|Any CPU
		{4CEE4DED-7E41-4E59-BA16-67E655E46FEE}.Debug|Any CPU.ActiveCfg = Debug|Any CPU
		{4CEE4DED-7E41-4E59-BA16-67E655E46FEE}.Debug|Any CPU.Build.0 = Debug|Any CPU
		{4CEE4DED-7E41-4E59-BA16-67E655E46FEE}.Release|Any CPU.ActiveCfg = Release|Any CPU
		{4CEE4DED-7E41-4E59-BA16-67E655E46FEE}.Release|Any CPU.Build.0 = Release|Any CPU
		{2BE63D8B-350E-4EDD-959C-4B7397984364}.Debug|Any CPU.ActiveCfg = Debug|Any CPU
		{2BE63D8B-350E-4EDD-959C-4B7397984364}.Debug|Any CPU.Build.0 = Debug|Any CPU
		{2BE63D8B-350E-4EDD-959C-4B7397984364}.Release|Any CPU.ActiveCfg = Release|Any CPU
		{2BE63D8B-350E-4EDD-959C-4B7397984364}.Release|Any CPU.Build.0 = Release|Any CPU
		{70D38878-43DB-4F6E-8002-45ADA5391AF7}.Debug|Any CPU.ActiveCfg = Debug|Any CPU
		{70D38878-43DB-4F6E-8002-45ADA5391AF7}.Debug|Any CPU.Build.0 = Debug|Any CPU
		{70D38878-43DB-4F6E-8002-45ADA5391AF7}.Release|Any CPU.ActiveCfg = Release|Any CPU
		{70D38878-43DB-4F6E-8002-45ADA5391AF7}.Release|Any CPU.Build.0 = Release|Any CPU
		{4A529FE9-0CA6-4EB6-8D93-9B71539012AB}.Debug|Any CPU.ActiveCfg = Debug|Any CPU
		{4A529FE9-0CA6-4EB6-8D93-9B71539012AB}.Debug|Any CPU.Build.0 = Debug|Any CPU
		{4A529FE9-0CA6-4EB6-8D93-9B71539012AB}.Release|Any CPU.ActiveCfg = Release|Any CPU
		{4A529FE9-0CA6-4EB6-8D93-9B71539012AB}.Release|Any CPU.Build.0 = Release|Any CPU
		{CC9CA66D-87A9-4ECD-A48A-91723A07E3D1}.Debug|Any CPU.ActiveCfg = Debug|Any CPU
		{CC9CA66D-87A9-4ECD-A48A-91723A07E3D1}.Debug|Any CPU.Build.0 = Debug|Any CPU
		{CC9CA66D-87A9-4ECD-A48A-91723A07E3D1}.Release|Any CPU.ActiveCfg = Release|Any CPU
		{CC9CA66D-87A9-4ECD-A48A-91723A07E3D1}.Release|Any CPU.Build.0 = Release|Any CPU
		{274C1C45-FA97-4F53-946F-CB354F04355C}.Debug|Any CPU.ActiveCfg = Debug|Any CPU
		{274C1C45-FA97-4F53-946F-CB354F04355C}.Debug|Any CPU.Build.0 = Debug|Any CPU
		{274C1C45-FA97-4F53-946F-CB354F04355C}.Release|Any CPU.ActiveCfg = Release|Any CPU
		{274C1C45-FA97-4F53-946F-CB354F04355C}.Release|Any CPU.Build.0 = Release|Any CPU
		{6B48EB58-62EF-4763-822A-1C38CF5B72EC}.Debug|Any CPU.ActiveCfg = Debug|Any CPU
		{6B48EB58-62EF-4763-822A-1C38CF5B72EC}.Debug|Any CPU.Build.0 = Debug|Any CPU
		{6B48EB58-62EF-4763-822A-1C38CF5B72EC}.Release|Any CPU.ActiveCfg = Release|Any CPU
		{6B48EB58-62EF-4763-822A-1C38CF5B72EC}.Release|Any CPU.Build.0 = Release|Any CPU
		{2C63C91A-4715-4FAD-8515-0B81D420E308}.Debug|Any CPU.ActiveCfg = Debug|Any CPU
		{2C63C91A-4715-4FAD-8515-0B81D420E308}.Debug|Any CPU.Build.0 = Debug|Any CPU
		{2C63C91A-4715-4FAD-8515-0B81D420E308}.Release|Any CPU.ActiveCfg = Release|Any CPU
		{68C29DD6-947F-4F89-8E02-0C32CC67D002}.Debug|Any CPU.ActiveCfg = Debug|Any CPU
		{68C29DD6-947F-4F89-8E02-0C32CC67D002}.Debug|Any CPU.Build.0 = Debug|Any CPU
		{68C29DD6-947F-4F89-8E02-0C32CC67D002}.Release|Any CPU.ActiveCfg = Release|Any CPU
		{68C29DD6-947F-4F89-8E02-0C32CC67D002}.Release|Any CPU.Build.0 = Release|Any CPU
	EndGlobalSection
	GlobalSection(MonoDevelopProperties) = preSolution
		Policies = $0
		$0.TextStylePolicy = $1
		$1.NoTabsAfterNonTabs = True
		$1.scope = text/x-csharp
		$1.TabsToSpaces = True
		$1.inheritsSet = null
		$0.CSharpFormattingPolicy = $2
		$2.AfterDelegateDeclarationParameterComma = True
		$2.scope = text/x-csharp
		$2.NewLineForMembersInObjectInit = False
		$2.NewLineForMembersInAnonymousTypes = False
		$0.TextStylePolicy = $3
		$3.FileWidth = 132
		$3.EolMarker = Unix
		$3.scope = text/plain
		$0.TextStylePolicy = $4
		$4.inheritsSet = null
		$4.scope = application/t4-template
		$0.StandardHeader = $5
	EndGlobalSection
	GlobalSection(SolutionProperties) = preSolution
		HideSolutionNode = FALSE
	EndGlobalSection
	GlobalSection(NestedProjects) = preSolution
		{4A529FE9-0CA6-4EB6-8D93-9B71539012AB} = {A498BC18-E4B5-4164-A40E-5E94618B2718}
		{CC9CA66D-87A9-4ECD-A48A-91723A07E3D1} = {A498BC18-E4B5-4164-A40E-5E94618B2718}
		{274C1C45-FA97-4F53-946F-CB354F04355C} = {A498BC18-E4B5-4164-A40E-5E94618B2718}
		{6B48EB58-62EF-4763-822A-1C38CF5B72EC} = {A498BC18-E4B5-4164-A40E-5E94618B2718}
	EndGlobalSection
EndGlobal
